// !$*UTF8*$!
{
	archiveVersion = 1;
	classes = {
	};
	objectVersion = 56;
	objects = {

/* Begin PBXBuildFile section */
		8F0962B12C0A422800018872 /* SwiftUI_StuffApp.swift in Sources */ = {isa = PBXBuildFile; fileRef = 8F0962B02C0A422800018872 /* SwiftUI_StuffApp.swift */; };
		8F0962B32C0A422800018872 /* MainView.swift in Sources */ = {isa = PBXBuildFile; fileRef = 8F0962B22C0A422800018872 /* MainView.swift */; };
		8F0962B52C0A422800018872 /* Item.swift in Sources */ = {isa = PBXBuildFile; fileRef = 8F0962B42C0A422800018872 /* Item.swift */; };
		8F0962B72C0A422900018872 /* Assets.xcassets in Resources */ = {isa = PBXBuildFile; fileRef = 8F0962B62C0A422900018872 /* Assets.xcassets */; };
		8F0962BA2C0A422900018872 /* Preview Assets.xcassets in Resources */ = {isa = PBXBuildFile; fileRef = 8F0962B92C0A422900018872 /* Preview Assets.xcassets */; };
		8F0962C22C0A436700018872 /* Button3D.swift in Sources */ = {isa = PBXBuildFile; fileRef = 8F0962C12C0A436700018872 /* Button3D.swift */; };
		8F0962C52C0A482A00018872 /* EqualizerView.swift in Sources */ = {isa = PBXBuildFile; fileRef = 8F0962C42C0A482A00018872 /* EqualizerView.swift */; };
		8F0962C72C0A484E00018872 /* PistolStack.swift in Sources */ = {isa = PBXBuildFile; fileRef = 8F0962C62C0A484E00018872 /* PistolStack.swift */; };
		8F0962C92C0A48A300018872 /* PistolView.swift in Sources */ = {isa = PBXBuildFile; fileRef = 8F0962C82C0A48A300018872 /* PistolView.swift */; };
		8F0962CC2C0A48F600018872 /* Color+Random.swift in Sources */ = {isa = PBXBuildFile; fileRef = 8F0962CB2C0A48F600018872 /* Color+Random.swift */; };
		8F0962CE2C0A497300018872 /* View+Debug.swift in Sources */ = {isa = PBXBuildFile; fileRef = 8F0962CD2C0A497300018872 /* View+Debug.swift */; };
		8F0962D02C0A49DE00018872 /* Stack+Alignment.swift in Sources */ = {isa = PBXBuildFile; fileRef = 8F0962CF2C0A49DE00018872 /* Stack+Alignment.swift */; };
		8F0962D32C0A500900018872 /* MoneyApp.swift in Sources */ = {isa = PBXBuildFile; fileRef = 8F0962D22C0A500900018872 /* MoneyApp.swift */; };
/* End PBXBuildFile section */

/* Begin PBXFileReference section */
		8F0962AD2C0A422800018872 /* SwiftUI-Stuff.app */ = {isa = PBXFileReference; explicitFileType = wrapper.application; includeInIndex = 0; path = "SwiftUI-Stuff.app"; sourceTree = BUILT_PRODUCTS_DIR; };
		8F0962B02C0A422800018872 /* SwiftUI_StuffApp.swift */ = {isa = PBXFileReference; lastKnownFileType = sourcecode.swift; path = SwiftUI_StuffApp.swift; sourceTree = "<group>"; };
		8F0962B22C0A422800018872 /* MainView.swift */ = {isa = PBXFileReference; lastKnownFileType = sourcecode.swift; path = MainView.swift; sourceTree = "<group>"; };
		8F0962B42C0A422800018872 /* Item.swift */ = {isa = PBXFileReference; lastKnownFileType = sourcecode.swift; path = Item.swift; sourceTree = "<group>"; };
		8F0962B62C0A422900018872 /* Assets.xcassets */ = {isa = PBXFileReference; lastKnownFileType = folder.assetcatalog; path = Assets.xcassets; sourceTree = "<group>"; };
		8F0962B92C0A422900018872 /* Preview Assets.xcassets */ = {isa = PBXFileReference; lastKnownFileType = folder.assetcatalog; path = "Preview Assets.xcassets"; sourceTree = "<group>"; };
		8F0962C12C0A436700018872 /* Button3D.swift */ = {isa = PBXFileReference; lastKnownFileType = sourcecode.swift; path = Button3D.swift; sourceTree = "<group>"; };
		8F0962C42C0A482A00018872 /* EqualizerView.swift */ = {isa = PBXFileReference; lastKnownFileType = sourcecode.swift; path = EqualizerView.swift; sourceTree = "<group>"; };
		8F0962C62C0A484E00018872 /* PistolStack.swift */ = {isa = PBXFileReference; lastKnownFileType = sourcecode.swift; path = PistolStack.swift; sourceTree = "<group>"; };
		8F0962C82C0A48A300018872 /* PistolView.swift */ = {isa = PBXFileReference; lastKnownFileType = sourcecode.swift; path = PistolView.swift; sourceTree = "<group>"; };
		8F0962CB2C0A48F600018872 /* Color+Random.swift */ = {isa = PBXFileReference; lastKnownFileType = sourcecode.swift; path = "Color+Random.swift"; sourceTree = "<group>"; };
		8F0962CD2C0A497300018872 /* View+Debug.swift */ = {isa = PBXFileReference; lastKnownFileType = sourcecode.swift; path = "View+Debug.swift"; sourceTree = "<group>"; };
		8F0962CF2C0A49DE00018872 /* Stack+Alignment.swift */ = {isa = PBXFileReference; lastKnownFileType = sourcecode.swift; path = "Stack+Alignment.swift"; sourceTree = "<group>"; };
		8F0962D22C0A500900018872 /* MoneyApp.swift */ = {isa = PBXFileReference; lastKnownFileType = sourcecode.swift; path = MoneyApp.swift; sourceTree = "<group>"; };
/* End PBXFileReference section */

/* Begin PBXFrameworksBuildPhase section */
		8F0962AA2C0A422800018872 /* Frameworks */ = {
			isa = PBXFrameworksBuildPhase;
			buildActionMask = 2147483647;
			files = (
			);
			runOnlyForDeploymentPostprocessing = 0;
		};
/* End PBXFrameworksBuildPhase section */

/* Begin PBXGroup section */
		8F0962A42C0A422800018872 = {
			isa = PBXGroup;
			children = (
				8F0962AF2C0A422800018872 /* SwiftUI-Stuff */,
				8F0962AE2C0A422800018872 /* Products */,
			);
			sourceTree = "<group>";
		};
		8F0962AE2C0A422800018872 /* Products */ = {
			isa = PBXGroup;
			children = (
				8F0962AD2C0A422800018872 /* SwiftUI-Stuff.app */,
			);
			name = Products;
			sourceTree = "<group>";
		};
		8F0962AF2C0A422800018872 /* SwiftUI-Stuff */ = {
			isa = PBXGroup;
			children = (
				8F0962D12C0A4FF700018872 /* MoneyApp */,
				8F0962CA2C0A48D400018872 /* Extensions */,
				8F0962C02C0A432400018872 /* 3DButton */,
				8F0962C32C0A47E500018872 /* Equalizer */,
				8F0962B02C0A422800018872 /* SwiftUI_StuffApp.swift */,
				8F0962B22C0A422800018872 /* MainView.swift */,
				8F0962B42C0A422800018872 /* Item.swift */,
				8F0962B62C0A422900018872 /* Assets.xcassets */,
				8F0962B82C0A422900018872 /* Preview Content */,
			);
			path = "SwiftUI-Stuff";
			sourceTree = "<group>";
		};
		8F0962B82C0A422900018872 /* Preview Content */ = {
			isa = PBXGroup;
			children = (
				8F0962B92C0A422900018872 /* Preview Assets.xcassets */,
			);
			path = "Preview Content";
			sourceTree = "<group>";
		};
		8F0962C02C0A432400018872 /* 3DButton */ = {
			isa = PBXGroup;
			children = (
				8F0962C12C0A436700018872 /* Button3D.swift */,
			);
			path = 3DButton;
			sourceTree = "<group>";
		};
		8F0962C32C0A47E500018872 /* Equalizer */ = {
			isa = PBXGroup;
			children = (
				8F0962C42C0A482A00018872 /* EqualizerView.swift */,
				8F0962C62C0A484E00018872 /* PistolStack.swift */,
				8F0962C82C0A48A300018872 /* PistolView.swift */,
			);
			path = Equalizer;
			sourceTree = "<group>";
		};
		8F0962CA2C0A48D400018872 /* Extensions */ = {
			isa = PBXGroup;
			children = (
				8F0962CB2C0A48F600018872 /* Color+Random.swift */,
				8F0962CD2C0A497300018872 /* View+Debug.swift */,
				8F0962CF2C0A49DE00018872 /* Stack+Alignment.swift */,
			);
			path = Extensions;
			sourceTree = "<group>";
		};
		8F0962D12C0A4FF700018872 /* MoneyApp */ = {
			isa = PBXGroup;
			children = (
				8F0962D22C0A500900018872 /* MoneyApp.swift */,
			);
			path = MoneyApp;
			sourceTree = "<group>";
		};
/* End PBXGroup section */

/* Begin PBXNativeTarget section */
		8F0962AC2C0A422800018872 /* SwiftUI-Stuff */ = {
			isa = PBXNativeTarget;
			buildConfigurationList = 8F0962BD2C0A422900018872 /* Build configuration list for PBXNativeTarget "SwiftUI-Stuff" */;
			buildPhases = (
				8F0962A92C0A422800018872 /* Sources */,
				8F0962AA2C0A422800018872 /* Frameworks */,
				8F0962AB2C0A422800018872 /* Resources */,
			);
			buildRules = (
			);
			dependencies = (
			);
			name = "SwiftUI-Stuff";
			productName = "SwiftUI-Stuff";
			productReference = 8F0962AD2C0A422800018872 /* SwiftUI-Stuff.app */;
			productType = "com.apple.product-type.application";
		};
/* End PBXNativeTarget section */

/* Begin PBXProject section */
		8F0962A52C0A422800018872 /* Project object */ = {
			isa = PBXProject;
			attributes = {
				BuildIndependentTargetsInParallel = 1;
				LastSwiftUpdateCheck = 1530;
				LastUpgradeCheck = 1530;
				TargetAttributes = {
					8F0962AC2C0A422800018872 = {
						CreatedOnToolsVersion = 15.3;
					};
				};
			};
			buildConfigurationList = 8F0962A82C0A422800018872 /* Build configuration list for PBXProject "SwiftUI-Stuff" */;
			compatibilityVersion = "Xcode 14.0";
			developmentRegion = en;
			hasScannedForEncodings = 0;
			knownRegions = (
				en,
				Base,
			);
			mainGroup = 8F0962A42C0A422800018872;
			productRefGroup = 8F0962AE2C0A422800018872 /* Products */;
			projectDirPath = "";
			projectRoot = "";
			targets = (
				8F0962AC2C0A422800018872 /* SwiftUI-Stuff */,
			);
		};
/* End PBXProject section */

/* Begin PBXResourcesBuildPhase section */
		8F0962AB2C0A422800018872 /* Resources */ = {
			isa = PBXResourcesBuildPhase;
			buildActionMask = 2147483647;
			files = (
				8F0962BA2C0A422900018872 /* Preview Assets.xcassets in Resources */,
				8F0962B72C0A422900018872 /* Assets.xcassets in Resources */,
			);
			runOnlyForDeploymentPostprocessing = 0;
		};
/* End PBXResourcesBuildPhase section */

/* Begin PBXSourcesBuildPhase section */
		8F0962A92C0A422800018872 /* Sources */ = {
			isa = PBXSourcesBuildPhase;
			buildActionMask = 2147483647;
			files = (
				8F0962CC2C0A48F600018872 /* Color+Random.swift in Sources */,
				8F0962CE2C0A497300018872 /* View+Debug.swift in Sources */,
				8F0962C22C0A436700018872 /* Button3D.swift in Sources */,
				8F0962B32C0A422800018872 /* MainView.swift in Sources */,
				8F0962D02C0A49DE00018872 /* Stack+Alignment.swift in Sources */,
				8F0962B52C0A422800018872 /* Item.swift in Sources */,
				8F0962C72C0A484E00018872 /* PistolStack.swift in Sources */,
				8F0962C52C0A482A00018872 /* EqualizerView.swift in Sources */,
				8F0962C92C0A48A300018872 /* PistolView.swift in Sources */,
				8F0962B12C0A422800018872 /* SwiftUI_StuffApp.swift in Sources */,
				8F0962D32C0A500900018872 /* MoneyApp.swift in Sources */,
			);
			runOnlyForDeploymentPostprocessing = 0;
		};
/* End PBXSourcesBuildPhase section */

/* Begin XCBuildConfiguration section */
		8F0962BB2C0A422900018872 /* Debug */ = {
			isa = XCBuildConfiguration;
			buildSettings = {
				ALWAYS_SEARCH_USER_PATHS = NO;
				ASSETCATALOG_COMPILER_GENERATE_SWIFT_ASSET_SYMBOL_EXTENSIONS = YES;
				CLANG_ANALYZER_NONNULL = YES;
				CLANG_ANALYZER_NUMBER_OBJECT_CONVERSION = YES_AGGRESSIVE;
				CLANG_CXX_LANGUAGE_STANDARD = "gnu++20";
				CLANG_ENABLE_MODULES = YES;
				CLANG_ENABLE_OBJC_ARC = YES;
				CLANG_ENABLE_OBJC_WEAK = YES;
				CLANG_WARN_BLOCK_CAPTURE_AUTORELEASING = YES;
				CLANG_WARN_BOOL_CONVERSION = YES;
				CLANG_WARN_COMMA = YES;
				CLANG_WARN_CONSTANT_CONVERSION = YES;
				CLANG_WARN_DEPRECATED_OBJC_IMPLEMENTATIONS = YES;
				CLANG_WARN_DIRECT_OBJC_ISA_USAGE = YES_ERROR;
				CLANG_WARN_DOCUMENTATION_COMMENTS = YES;
				CLANG_WARN_EMPTY_BODY = YES;
				CLANG_WARN_ENUM_CONVERSION = YES;
				CLANG_WARN_INFINITE_RECURSION = YES;
				CLANG_WARN_INT_CONVERSION = YES;
				CLANG_WARN_NON_LITERAL_NULL_CONVERSION = YES;
				CLANG_WARN_OBJC_IMPLICIT_RETAIN_SELF = YES;
				CLANG_WARN_OBJC_LITERAL_CONVERSION = YES;
				CLANG_WARN_OBJC_ROOT_CLASS = YES_ERROR;
				CLANG_WARN_QUOTED_INCLUDE_IN_FRAMEWORK_HEADER = YES;
				CLANG_WARN_RANGE_LOOP_ANALYSIS = YES;
				CLANG_WARN_STRICT_PROTOTYPES = YES;
				CLANG_WARN_SUSPICIOUS_MOVE = YES;
				CLANG_WARN_UNGUARDED_AVAILABILITY = YES_AGGRESSIVE;
				CLANG_WARN_UNREACHABLE_CODE = YES;
				CLANG_WARN__DUPLICATE_METHOD_MATCH = YES;
				COPY_PHASE_STRIP = NO;
				DEBUG_INFORMATION_FORMAT = dwarf;
				ENABLE_STRICT_OBJC_MSGSEND = YES;
				ENABLE_TESTABILITY = YES;
				ENABLE_USER_SCRIPT_SANDBOXING = YES;
				GCC_C_LANGUAGE_STANDARD = gnu17;
				GCC_DYNAMIC_NO_PIC = NO;
				GCC_NO_COMMON_BLOCKS = YES;
				GCC_OPTIMIZATION_LEVEL = 0;
				GCC_PREPROCESSOR_DEFINITIONS = (
					"DEBUG=1",
					"$(inherited)",
				);
				GCC_WARN_64_TO_32_BIT_CONVERSION = YES;
				GCC_WARN_ABOUT_RETURN_TYPE = YES_ERROR;
				GCC_WARN_UNDECLARED_SELECTOR = YES;
				GCC_WARN_UNINITIALIZED_AUTOS = YES_AGGRESSIVE;
				GCC_WARN_UNUSED_FUNCTION = YES;
				GCC_WARN_UNUSED_VARIABLE = YES;
				IPHONEOS_DEPLOYMENT_TARGET = 17.4;
				LOCALIZATION_PREFERS_STRING_CATALOGS = YES;
				MTL_ENABLE_DEBUG_INFO = INCLUDE_SOURCE;
				MTL_FAST_MATH = YES;
				ONLY_ACTIVE_ARCH = YES;
				SDKROOT = iphoneos;
				SWIFT_ACTIVE_COMPILATION_CONDITIONS = "DEBUG $(inherited)";
				SWIFT_OPTIMIZATION_LEVEL = "-Onone";
			};
			name = Debug;
		};
		8F0962BC2C0A422900018872 /* Release */ = {
			isa = XCBuildConfiguration;
			buildSettings = {
				ALWAYS_SEARCH_USER_PATHS = NO;
				ASSETCATALOG_COMPILER_GENERATE_SWIFT_ASSET_SYMBOL_EXTENSIONS = YES;
				CLANG_ANALYZER_NONNULL = YES;
				CLANG_ANALYZER_NUMBER_OBJECT_CONVERSION = YES_AGGRESSIVE;
				CLANG_CXX_LANGUAGE_STANDARD = "gnu++20";
				CLANG_ENABLE_MODULES = YES;
				CLANG_ENABLE_OBJC_ARC = YES;
				CLANG_ENABLE_OBJC_WEAK = YES;
				CLANG_WARN_BLOCK_CAPTURE_AUTORELEASING = YES;
				CLANG_WARN_BOOL_CONVERSION = YES;
				CLANG_WARN_COMMA = YES;
				CLANG_WARN_CONSTANT_CONVERSION = YES;
				CLANG_WARN_DEPRECATED_OBJC_IMPLEMENTATIONS = YES;
				CLANG_WARN_DIRECT_OBJC_ISA_USAGE = YES_ERROR;
				CLANG_WARN_DOCUMENTATION_COMMENTS = YES;
				CLANG_WARN_EMPTY_BODY = YES;
				CLANG_WARN_ENUM_CONVERSION = YES;
				CLANG_WARN_INFINITE_RECURSION = YES;
				CLANG_WARN_INT_CONVERSION = YES;
				CLANG_WARN_NON_LITERAL_NULL_CONVERSION = YES;
				CLANG_WARN_OBJC_IMPLICIT_RETAIN_SELF = YES;
				CLANG_WARN_OBJC_LITERAL_CONVERSION = YES;
				CLANG_WARN_OBJC_ROOT_CLASS = YES_ERROR;
				CLANG_WARN_QUOTED_INCLUDE_IN_FRAMEWORK_HEADER = YES;
				CLANG_WARN_RANGE_LOOP_ANALYSIS = YES;
				CLANG_WARN_STRICT_PROTOTYPES = YES;
				CLANG_WARN_SUSPICIOUS_MOVE = YES;
				CLANG_WARN_UNGUARDED_AVAILABILITY = YES_AGGRESSIVE;
				CLANG_WARN_UNREACHABLE_CODE = YES;
				CLANG_WARN__DUPLICATE_METHOD_MATCH = YES;
				COPY_PHASE_STRIP = NO;
				DEBUG_INFORMATION_FORMAT = "dwarf-with-dsym";
				ENABLE_NS_ASSERTIONS = NO;
				ENABLE_STRICT_OBJC_MSGSEND = YES;
				ENABLE_USER_SCRIPT_SANDBOXING = YES;
				GCC_C_LANGUAGE_STANDARD = gnu17;
				GCC_NO_COMMON_BLOCKS = YES;
				GCC_WARN_64_TO_32_BIT_CONVERSION = YES;
				GCC_WARN_ABOUT_RETURN_TYPE = YES_ERROR;
				GCC_WARN_UNDECLARED_SELECTOR = YES;
				GCC_WARN_UNINITIALIZED_AUTOS = YES_AGGRESSIVE;
				GCC_WARN_UNUSED_FUNCTION = YES;
				GCC_WARN_UNUSED_VARIABLE = YES;
				IPHONEOS_DEPLOYMENT_TARGET = 17.4;
				LOCALIZATION_PREFERS_STRING_CATALOGS = YES;
				MTL_ENABLE_DEBUG_INFO = NO;
				MTL_FAST_MATH = YES;
				SDKROOT = iphoneos;
				SWIFT_COMPILATION_MODE = wholemodule;
				VALIDATE_PRODUCT = YES;
			};
			name = Release;
		};
		8F0962BE2C0A422900018872 /* Debug */ = {
			isa = XCBuildConfiguration;
			buildSettings = {
				ASSETCATALOG_COMPILER_APPICON_NAME = AppIcon;
				ASSETCATALOG_COMPILER_GLOBAL_ACCENT_COLOR_NAME = AccentColor;
				CODE_SIGN_STYLE = Automatic;
				CURRENT_PROJECT_VERSION = 1;
				DEVELOPMENT_ASSET_PATHS = "\"SwiftUI-Stuff/Preview Content\"";
				DEVELOPMENT_TEAM = Y57FY52VL4;
				ENABLE_PREVIEWS = YES;
				GENERATE_INFOPLIST_FILE = YES;
				INFOPLIST_KEY_UIApplicationSceneManifest_Generation = YES;
				INFOPLIST_KEY_UIApplicationSupportsIndirectInputEvents = YES;
				INFOPLIST_KEY_UILaunchScreen_Generation = YES;
				INFOPLIST_KEY_UISupportedInterfaceOrientations_iPad = "UIInterfaceOrientationPortrait UIInterfaceOrientationPortraitUpsideDown UIInterfaceOrientationLandscapeLeft UIInterfaceOrientationLandscapeRight";
				INFOPLIST_KEY_UISupportedInterfaceOrientations_iPhone = "UIInterfaceOrientationPortrait UIInterfaceOrientationLandscapeLeft UIInterfaceOrientationLandscapeRight";
				LD_RUNPATH_SEARCH_PATHS = (
					"$(inherited)",
					"@executable_path/Frameworks",
				);
				MARKETING_VERSION = 1.0;
				PRODUCT_BUNDLE_IDENTIFIER = "com.khosravinia.SwiftUI-Stuff";
				PRODUCT_NAME = "$(TARGET_NAME)";
				SWIFT_EMIT_LOC_STRINGS = YES;
				SWIFT_VERSION = 5.0;
				TARGETED_DEVICE_FAMILY = "1,2";
			};
			name = Debug;
		};
		8F0962BF2C0A422900018872 /* Release */ = {
			isa = XCBuildConfiguration;
			buildSettings = {
				ASSETCATALOG_COMPILER_APPICON_NAME = AppIcon;
				ASSETCATALOG_COMPILER_GLOBAL_ACCENT_COLOR_NAME = AccentColor;
				CODE_SIGN_STYLE = Automatic;
				CURRENT_PROJECT_VERSION = 1;
				DEVELOPMENT_ASSET_PATHS = "\"SwiftUI-Stuff/Preview Content\"";
				DEVELOPMENT_TEAM = Y57FY52VL4;
				ENABLE_PREVIEWS = YES;
				GENERATE_INFOPLIST_FILE = YES;
				INFOPLIST_KEY_UIApplicationSceneManifest_Generation = YES;
				INFOPLIST_KEY_UIApplicationSupportsIndirectInputEvents = YES;
				INFOPLIST_KEY_UILaunchScreen_Generation = YES;
				INFOPLIST_KEY_UISupportedInterfaceOrientations_iPad = "UIInterfaceOrientationPortrait UIInterfaceOrientationPortraitUpsideDown UIInterfaceOrientationLandscapeLeft UIInterfaceOrientationLandscapeRight";
				INFOPLIST_KEY_UISupportedInterfaceOrientations_iPhone = "UIInterfaceOrientationPortrait UIInterfaceOrientationLandscapeLeft UIInterfaceOrientationLandscapeRight";
				LD_RUNPATH_SEARCH_PATHS = (
					"$(inherited)",
					"@executable_path/Frameworks",
				);
				MARKETING_VERSION = 1.0;
				PRODUCT_BUNDLE_IDENTIFIER = "com.khosravinia.SwiftUI-Stuff";
				PRODUCT_NAME = "$(TARGET_NAME)";
				SWIFT_EMIT_LOC_STRINGS = YES;
				SWIFT_VERSION = 5.0;
				TARGETED_DEVICE_FAMILY = "1,2";
			};
			name = Release;
		};
/* End XCBuildConfiguration section */

/* Begin XCConfigurationList section */
		8F0962A82C0A422800018872 /* Build configuration list for PBXProject "SwiftUI-Stuff" */ = {
			isa = XCConfigurationList;
			buildConfigurations = (
				8F0962BB2C0A422900018872 /* Debug */,
				8F0962BC2C0A422900018872 /* Release */,
			);
			defaultConfigurationIsVisible = 0;
			defaultConfigurationName = Release;
		};
		8F0962BD2C0A422900018872 /* Build configuration list for PBXNativeTarget "SwiftUI-Stuff" */ = {
			isa = XCConfigurationList;
			buildConfigurations = (
				8F0962BE2C0A422900018872 /* Debug */,
				8F0962BF2C0A422900018872 /* Release */,
			);
			defaultConfigurationIsVisible = 0;
			defaultConfigurationName = Release;
		};
/* End XCConfigurationList section */
	};
	rootObject = 8F0962A52C0A422800018872 /* Project object */;
}
